
Microsoft Visual Studio Solution File, Format Version 12.00
# Visual Studio 15
VisualStudioVersion = 15.0.26403.7
MinimumVisualStudioVersion = 10.0.40219.1
Project("{9A19103F-16F7-4668-BE54-9A1E7A4F7556}") = "OICNet", "OICNet\OICNet.csproj", "{4667B478-CCD5-4BD4-85E9-BD0018134C35}"
EndProject
Project("{9A19103F-16F7-4668-BE54-9A1E7A4F7556}") = "OICNet.Tests", "OICNet.Tests\OICNet.Tests.csproj", "{02809F5E-56C4-4636-9224-3D74D31BC90E}"
EndProject
Project("{2150E333-8FDC-42A3-9474-1A3956D46DE8}") = "Solution Items", "Solution Items", "{9957D98C-0DD4-44D7-9BC5-64620D3F0337}"
	ProjectSection(SolutionItems) = preProject
		Readme.md = Readme.md
	EndProjectSection
EndProject
Global
	GlobalSection(SolutionConfigurationPlatforms) = preSolution
		Debug|Any CPU = Debug|Any CPU
		Release|Any CPU = Release|Any CPU
	EndGlobalSection
	GlobalSection(ProjectConfigurationPlatforms) = postSolution
		{4667B478-CCD5-4BD4-85E9-BD0018134C35}.Debug|Any CPU.ActiveCfg = Debug|Any CPU
		{4667B478-CCD5-4BD4-85E9-BD0018134C35}.Debug|Any CPU.Build.0 = Debug|Any CPU
		{4667B478-CCD5-4BD4-85E9-BD0018134C35}.Release|Any CPU.ActiveCfg = Release|Any CPU
		{4667B478-CCD5-4BD4-85E9-BD0018134C35}.Release|Any CPU.Build.0 = Release|Any CPU
		{02809F5E-56C4-4636-9224-3D74D31BC90E}.Debug|Any CPU.ActiveCfg = Debug|Any CPU
		{02809F5E-56C4-4636-9224-3D74D31BC90E}.Debug|Any CPU.Build.0 = Debug|Any CPU
		{02809F5E-56C4-4636-9224-3D74D31BC90E}.Release|Any CPU.ActiveCfg = Release|Any CPU
		{02809F5E-56C4-4636-9224-3D74D31BC90E}.Release|Any CPU.Build.0 = Release|Any CPU
	EndGlobalSection
	GlobalSection(SolutionProperties) = preSolution
		HideSolutionNode = FALSE
	EndGlobalSection
EndGlobal
